
Microsoft Visual Studio Solution File, Format Version 12.00
# Visual Studio Version 17
VisualStudioVersion = 17.13.35716.79 d17.13
MinimumVisualStudioVersion = 10.0.40219.1
Project("{FAE04EC0-301F-11D3-BF4B-00C04F79EFBC}") = "CleanArchitectureExample", "CleanArchitectureExample\CleanArchitectureExample.csproj", "{E0843EF7-E0EC-4FD1-B651-AC3B20EE4D3A}"
EndProject
Project("{FAE04EC0-301F-11D3-BF4B-00C04F79EFBC}") = "ApplicationLayer", "ApplicationLayer\ApplicationLayer.csproj", "{BB8C1324-F9AE-7A64-054A-AD97015D61F0}"
EndProject
Project("{FAE04EC0-301F-11D3-BF4B-00C04F79EFBC}") = "DomainLayer", "DomainLayer\DomainLayer.csproj", "{E634B319-63F3-0BB1-C405-A0DD5EAE83ED}"
EndProject
Project("{FAE04EC0-301F-11D3-BF4B-00C04F79EFBC}") = "InfrastructureLayer", "InfrastructureLayer\InfrastructureLayer.csproj", "{804221C6-A36A-EC30-9B10-5BA2E5053374}"
EndProject
Project("{2150E333-8FDC-42A3-9474-1A3956D46DE8}") = "Application Business Rules", "Application Business Rules", "{02EA681E-C7D8-13C7-8484-4AC65E1B71E8}"
EndProject
Project("{2150E333-8FDC-42A3-9474-1A3956D46DE8}") = "Controllers+Presenters", "Controllers+Presenters", "{DBD7020C-F62F-4F31-AE37-398CD3F4C79B}"
EndProject
Project("{2150E333-8FDC-42A3-9474-1A3956D46DE8}") = "Enterprise Business Rules", "Enterprise Business Rules", "{AA4612E7-0B78-4310-85B5-81539AF5368C}"
EndProject
Project("{2150E333-8FDC-42A3-9474-1A3956D46DE8}") = "Gateways", "Gateways", "{2F710262-2F39-4EC7-89FC-2DC3668433BC}"
EndProject
Global
	GlobalSection(SolutionConfigurationPlatforms) = preSolution
		Debug|Any CPU = Debug|Any CPU
		Release|Any CPU = Release|Any CPU
	EndGlobalSection
	GlobalSection(ProjectConfigurationPlatforms) = postSolution
		{E0843EF7-E0EC-4FD1-B651-AC3B20EE4D3A}.Debug|Any CPU.ActiveCfg = Debug|Any CPU
		{E0843EF7-E0EC-4FD1-B651-AC3B20EE4D3A}.Debug|Any CPU.Build.0 = Debug|Any CPU
		{E0843EF7-E0EC-4FD1-B651-AC3B20EE4D3A}.Release|Any CPU.ActiveCfg = Release|Any CPU
		{E0843EF7-E0EC-4FD1-B651-AC3B20EE4D3A}.Release|Any CPU.Build.0 = Release|Any CPU
		{BB8C1324-F9AE-7A64-054A-AD97015D61F0}.Debug|Any CPU.ActiveCfg = Debug|Any CPU
		{BB8C1324-F9AE-7A64-054A-AD97015D61F0}.Debug|Any CPU.Build.0 = Debug|Any CPU
		{BB8C1324-F9AE-7A64-054A-AD97015D61F0}.Release|Any CPU.ActiveCfg = Release|Any CPU
		{BB8C1324-F9AE-7A64-054A-AD97015D61F0}.Release|Any CPU.Build.0 = Release|Any CPU
		{E634B319-63F3-0BB1-C405-A0DD5EAE83ED}.Debug|Any CPU.ActiveCfg = Debug|Any CPU
		{E634B319-63F3-0BB1-C405-A0DD5EAE83ED}.Debug|Any CPU.Build.0 = Debug|Any CPU
		{E634B319-63F3-0BB1-C405-A0DD5EAE83ED}.Release|Any CPU.ActiveCfg = Release|Any CPU
		{E634B319-63F3-0BB1-C405-A0DD5EAE83ED}.Release|Any CPU.Build.0 = Release|Any CPU
		{804221C6-A36A-EC30-9B10-5BA2E5053374}.Debug|Any CPU.ActiveCfg = Debug|Any CPU
		{804221C6-A36A-EC30-9B10-5BA2E5053374}.Debug|Any CPU.Build.0 = Debug|Any CPU
		{804221C6-A36A-EC30-9B10-5BA2E5053374}.Release|Any CPU.ActiveCfg = Release|Any CPU
		{804221C6-A36A-EC30-9B10-5BA2E5053374}.Release|Any CPU.Build.0 = Release|Any CPU
	EndGlobalSection
	GlobalSection(SolutionProperties) = preSolution
		HideSolutionNode = FALSE
	EndGlobalSection
	GlobalSection(NestedProjects) = preSolution
		{E0843EF7-E0EC-4FD1-B651-AC3B20EE4D3A} = {DBD7020C-F62F-4F31-AE37-398CD3F4C79B}
		{BB8C1324-F9AE-7A64-054A-AD97015D61F0} = {02EA681E-C7D8-13C7-8484-4AC65E1B71E8}
		{E634B319-63F3-0BB1-C405-A0DD5EAE83ED} = {AA4612E7-0B78-4310-85B5-81539AF5368C}
		{804221C6-A36A-EC30-9B10-5BA2E5053374} = {2F710262-2F39-4EC7-89FC-2DC3668433BC}
	EndGlobalSection
	GlobalSection(ExtensibilityGlobals) = postSolution
		SolutionGuid = {68D7D5DA-23DC-416A-A3D4-08B2B574AE53}
	EndGlobalSection
EndGlobal
